// !$*UTF8*$!
{
	archiveVersion = 1;
	classes = {
	};
	objectVersion = 50;
	objects = {

/* Begin PBXBuildFile section */
		970BBB8621DDEAF30057F408 /* GithubSearchViewController.swift in Sources */ = {isa = PBXBuildFile; fileRef = 970BBB8521DDEAF30057F408 /* GithubSearchViewController.swift */; };
		970BBB8821DDEB320057F408 /* GitHubAPI.swift in Sources */ = {isa = PBXBuildFile; fileRef = 970BBB8721DDEB320057F408 /* GitHubAPI.swift */; };
		970BBB8A21DDED030057F408 /* GitHubRepositories.swift in Sources */ = {isa = PBXBuildFile; fileRef = 970BBB8921DDED030057F408 /* GitHubRepositories.swift */; };
		970BBB8C21DDF0800057F408 /* GitHubViewModel.swift in Sources */ = {isa = PBXBuildFile; fileRef = 970BBB8B21DDF0800057F408 /* GitHubViewModel.swift */; };
		971307AA21CCDB730003E67B /* AppDelegate.swift in Sources */ = {isa = PBXBuildFile; fileRef = 971307A921CCDB730003E67B /* AppDelegate.swift */; };
		971307AC21CCDB730003E67B /* ViewController.swift in Sources */ = {isa = PBXBuildFile; fileRef = 971307AB21CCDB730003E67B /* ViewController.swift */; };
		971307AF21CCDB730003E67B /* Main.storyboard in Resources */ = {isa = PBXBuildFile; fileRef = 971307AD21CCDB730003E67B /* Main.storyboard */; };
		971307B121CCDB750003E67B /* Assets.xcassets in Resources */ = {isa = PBXBuildFile; fileRef = 971307B021CCDB750003E67B /* Assets.xcassets */; };
		971307B421CCDB750003E67B /* LaunchScreen.storyboard in Resources */ = {isa = PBXBuildFile; fileRef = 971307B221CCDB750003E67B /* LaunchScreen.storyboard */; };
		971307BF21CCDB750003E67B /* RxSwiftStudyTests.swift in Sources */ = {isa = PBXBuildFile; fileRef = 971307BE21CCDB750003E67B /* RxSwiftStudyTests.swift */; };
		971307CA21CCDB750003E67B /* RxSwiftStudyUITests.swift in Sources */ = {isa = PBXBuildFile; fileRef = 971307C921CCDB750003E67B /* RxSwiftStudyUITests.swift */; };
		97168E2221E04EA000AC228A /* MJRefresh+Rx.swift in Sources */ = {isa = PBXBuildFile; fileRef = 97168E2121E04EA000AC228A /* MJRefresh+Rx.swift */; };
		9722288B21D08B04005EA63C /* ButtonViewController.swift in Sources */ = {isa = PBXBuildFile; fileRef = 9722288A21D08B04005EA63C /* ButtonViewController.swift */; };
		9722289121D0BE0D005EA63C /* SwitchViewController.swift in Sources */ = {isa = PBXBuildFile; fileRef = 9722288F21D0BE0D005EA63C /* SwitchViewController.swift */; };
		9722289221D0BE0D005EA63C /* SwitchViewController.xib in Resources */ = {isa = PBXBuildFile; fileRef = 9722289021D0BE0D005EA63C /* SwitchViewController.xib */; };
		9722289521D0C22F005EA63C /* SegmentedControlViewController.swift in Sources */ = {isa = PBXBuildFile; fileRef = 9722289321D0C22F005EA63C /* SegmentedControlViewController.swift */; };
		9722289621D0C22F005EA63C /* SegmentedControlViewController.xib in Resources */ = {isa = PBXBuildFile; fileRef = 9722289421D0C22F005EA63C /* SegmentedControlViewController.xib */; };
		973A4EEF21DC9E9100BB3C11 /* GitHubNetworkService.swift in Sources */ = {isa = PBXBuildFile; fileRef = 973A4EEE21DC9E9100BB3C11 /* GitHubNetworkService.swift */; };
		973A4EF321DCA37300BB3C11 /* SignupViewController.swift in Sources */ = {isa = PBXBuildFile; fileRef = 973A4EF121DCA37300BB3C11 /* SignupViewController.swift */; };
		973A4EF421DCA37300BB3C11 /* SignupViewController.xib in Resources */ = {isa = PBXBuildFile; fileRef = 973A4EF221DCA37300BB3C11 /* SignupViewController.xib */; };
		973A4EF621DCA40E00BB3C11 /* ValidationResult.swift in Sources */ = {isa = PBXBuildFile; fileRef = 973A4EF521DCA40E00BB3C11 /* ValidationResult.swift */; };
		973A4EF821DCA66800BB3C11 /* GitHubSignupService.swift in Sources */ = {isa = PBXBuildFile; fileRef = 973A4EF721DCA66800BB3C11 /* GitHubSignupService.swift */; };
		973A4EF921DCA88200BB3C11 /* GitHubSignupService.swift in Sources */ = {isa = PBXBuildFile; fileRef = 973A4EF721DCA66800BB3C11 /* GitHubSignupService.swift */; };
		973A4EFB21DCAB4300BB3C11 /* GitHubSignupViewModel.swift in Sources */ = {isa = PBXBuildFile; fileRef = 973A4EFA21DCAB4300BB3C11 /* GitHubSignupViewModel.swift */; };
		97483D6021DF300600D28D98 /* SearchNovelViewController.swift in Sources */ = {isa = PBXBuildFile; fileRef = 97483D5F21DF300600D28D98 /* SearchNovelViewController.swift */; };
		97483D6221DF303F00D28D98 /* SearchNovelTableViewCell.swift in Sources */ = {isa = PBXBuildFile; fileRef = 97483D6121DF303F00D28D98 /* SearchNovelTableViewCell.swift */; };
		97483D6421DF3C4900D28D98 /* SearchNovelAPI.swift in Sources */ = {isa = PBXBuildFile; fileRef = 97483D6321DF3C4900D28D98 /* SearchNovelAPI.swift */; };
		97483D6621DF3FB600D28D98 /* SearchNovelModel.swift in Sources */ = {isa = PBXBuildFile; fileRef = 97483D6521DF3FB600D28D98 /* SearchNovelModel.swift */; };
		97483D6821DF40EB00D28D98 /* SearchNovelViewModel.swift in Sources */ = {isa = PBXBuildFile; fileRef = 97483D6721DF40EB00D28D98 /* SearchNovelViewModel.swift */; };
		976EB4B421D49A390077D17A /* RxAlamofireViewController.swift in Sources */ = {isa = PBXBuildFile; fileRef = 976EB4B221D49A390077D17A /* RxAlamofireViewController.swift */; };
		976EB4B521D49A390077D17A /* RxAlamofireViewController.xib in Resources */ = {isa = PBXBuildFile; fileRef = 976EB4B321D49A390077D17A /* RxAlamofireViewController.xib */; };
		976EB4BA21D4A5950077D17A /* RxAlamofireJsonViewController.swift in Sources */ = {isa = PBXBuildFile; fileRef = 976EB4B821D4A5950077D17A /* RxAlamofireJsonViewController.swift */; };
		976EB4BB21D4A5950077D17A /* RxAlamofireJsonViewController.xib in Resources */ = {isa = PBXBuildFile; fileRef = 976EB4B921D4A5950077D17A /* RxAlamofireJsonViewController.xib */; };
		976EB4BE21D4AC5F0077D17A /* RxAlamofireCViewController.swift in Sources */ = {isa = PBXBuildFile; fileRef = 976EB4BC21D4AC5F0077D17A /* RxAlamofireCViewController.swift */; };
		976EB4BF21D4AC5F0077D17A /* RxAlamofireCViewController.xib in Resources */ = {isa = PBXBuildFile; fileRef = 976EB4BD21D4AC5F0077D17A /* RxAlamofireCViewController.xib */; };
		976EB4C121D4ADEC0077D17A /* ObjectMapperModel.swift in Sources */ = {isa = PBXBuildFile; fileRef = 976EB4C021D4ADEC0077D17A /* ObjectMapperModel.swift */; };
		976F3C4521D1DAB3002CAD2E /* Operators.swift in Sources */ = {isa = PBXBuildFile; fileRef = 976F3C4421D1DAB3002CAD2E /* Operators.swift */; };
		976F3C4821D1DAC1002CAD2E /* BBViewController.swift in Sources */ = {isa = PBXBuildFile; fileRef = 976F3C4621D1DAC1002CAD2E /* BBViewController.swift */; };
		976F3C4921D1DAC1002CAD2E /* BBViewController.xib in Resources */ = {isa = PBXBuildFile; fileRef = 976F3C4721D1DAC1002CAD2E /* BBViewController.xib */; };
		976F3C4B21D1DB94002CAD2E /* BBModel.swift in Sources */ = {isa = PBXBuildFile; fileRef = 976F3C4A21D1DB94002CAD2E /* BBModel.swift */; };
		976F3C4F21D1F813002CAD2E /* GestureRecognizerViewController.swift in Sources */ = {isa = PBXBuildFile; fileRef = 976F3C4E21D1F813002CAD2E /* GestureRecognizerViewController.swift */; };
		976F3C5321D1FDEA002CAD2E /* DatePickerViewController.swift in Sources */ = {isa = PBXBuildFile; fileRef = 976F3C5121D1FDEA002CAD2E /* DatePickerViewController.swift */; };
		976F3C5421D1FDEA002CAD2E /* DatePickerViewController.xib in Resources */ = {isa = PBXBuildFile; fileRef = 976F3C5221D1FDEA002CAD2E /* DatePickerViewController.xib */; };
		976F3C5721D20106002CAD2E /* CTimerViewController.swift in Sources */ = {isa = PBXBuildFile; fileRef = 976F3C5521D20106002CAD2E /* CTimerViewController.swift */; };
		976F3C5821D20106002CAD2E /* CTimerViewController.xib in Resources */ = {isa = PBXBuildFile; fileRef = 976F3C5621D20106002CAD2E /* CTimerViewController.xib */; };
		976F3C5C21D2106E002CAD2E /* TableViewController.swift in Sources */ = {isa = PBXBuildFile; fileRef = 976F3C5B21D2106E002CAD2E /* TableViewController.swift */; };
		976F3C6121D217A6002CAD2E /* ReloadTableViewController.swift in Sources */ = {isa = PBXBuildFile; fileRef = 976F3C5F21D217A6002CAD2E /* ReloadTableViewController.swift */; };
		9786EEEA21CE0643007AAD0F /* LabelViewController.swift in Sources */ = {isa = PBXBuildFile; fileRef = 9786EEE921CE0643007AAD0F /* LabelViewController.swift */; };
		9786EEED21CE0B1F007AAD0F /* TextFieldViewController.swift in Sources */ = {isa = PBXBuildFile; fileRef = 9786EEEC21CE0B1F007AAD0F /* TextFieldViewController.swift */; };
		979CE66921D5F9F800A00C06 /* DouBanAPI.swift in Sources */ = {isa = PBXBuildFile; fileRef = 979CE66821D5F9F800A00C06 /* DouBanAPI.swift */; };
		979CE66C21D603D900A00C06 /* RxMoyaViewController.swift in Sources */ = {isa = PBXBuildFile; fileRef = 979CE66A21D603D900A00C06 /* RxMoyaViewController.swift */; };
		979CE66D21D603D900A00C06 /* RxMoyaViewController.xib in Resources */ = {isa = PBXBuildFile; fileRef = 979CE66B21D603D900A00C06 /* RxMoyaViewController.xib */; };
		979CE67021D607D100A00C06 /* RxMoyaJsonViewController.swift in Sources */ = {isa = PBXBuildFile; fileRef = 979CE66E21D607D100A00C06 /* RxMoyaJsonViewController.swift */; };
		979CE67121D607D100A00C06 /* RxMoyaJsonViewController.xib in Resources */ = {isa = PBXBuildFile; fileRef = 979CE66F21D607D100A00C06 /* RxMoyaJsonViewController.xib */; };
		979CE67421D6104E00A00C06 /* RxMoyaCViewController.swift in Sources */ = {isa = PBXBuildFile; fileRef = 979CE67221D6104E00A00C06 /* RxMoyaCViewController.swift */; };
		979CE67521D6104E00A00C06 /* RxMoyaCViewController.xib in Resources */ = {isa = PBXBuildFile; fileRef = 979CE67321D6104E00A00C06 /* RxMoyaCViewController.xib */; };
		979CE67921D6128100A00C06 /* ListModel.swift in Sources */ = {isa = PBXBuildFile; fileRef = 979CE67821D6128100A00C06 /* ListModel.swift */; };
		979CE67D21D6160E00A00C06 /* RxMoya+HandyJson.swift in Sources */ = {isa = PBXBuildFile; fileRef = 979CE67C21D6160E00A00C06 /* RxMoya+HandyJson.swift */; };
		97EBF20521D34A610057F03F /* EditTableViewController.swift in Sources */ = {isa = PBXBuildFile; fileRef = 97EBF20421D34A610057F03F /* EditTableViewController.swift */; };
		97EBF20821D3571F0057F03F /* CustomTableViewController.swift in Sources */ = {isa = PBXBuildFile; fileRef = 97EBF20721D3571F0057F03F /* CustomTableViewController.swift */; };
		97EBF20C21D3614A0057F03F /* CollectionViewViewController.swift in Sources */ = {isa = PBXBuildFile; fileRef = 97EBF20B21D3614A0057F03F /* CollectionViewViewController.swift */; };
		97EBF20E21D367F50057F03F /* MyCollectionViewCell.swift in Sources */ = {isa = PBXBuildFile; fileRef = 97EBF20D21D367F50057F03F /* MyCollectionViewCell.swift */; };
		E335AF730FDC81448C7EBF68 /* Pods_RxSwiftStudy.framework in Frameworks */ = {isa = PBXBuildFile; fileRef = 64B7183F836C65A95F2F307C /* Pods_RxSwiftStudy.framework */; };
/* End PBXBuildFile section */

/* Begin PBXContainerItemProxy section */
		971307BB21CCDB750003E67B /* PBXContainerItemProxy */ = {
			isa = PBXContainerItemProxy;
			containerPortal = 9713079E21CCDB730003E67B /* Project object */;
			proxyType = 1;
			remoteGlobalIDString = 971307A521CCDB730003E67B;
			remoteInfo = RxSwiftStudy;
		};
		971307C621CCDB750003E67B /* PBXContainerItemProxy */ = {
			isa = PBXContainerItemProxy;
			containerPortal = 9713079E21CCDB730003E67B /* Project object */;
			proxyType = 1;
			remoteGlobalIDString = 971307A521CCDB730003E67B;
			remoteInfo = RxSwiftStudy;
		};
/* End PBXContainerItemProxy section */

/* Begin PBXFileReference section */
		4DB2CFBEE0F2501B9A8D662C /* Pods-RxSwiftStudy.release.xcconfig */ = {isa = PBXFileReference; includeInIndex = 1; lastKnownFileType = text.xcconfig; name = "Pods-RxSwiftStudy.release.xcconfig"; path = "Pods/Target Support Files/Pods-RxSwiftStudy/Pods-RxSwiftStudy.release.xcconfig"; sourceTree = "<group>"; };
		64B7183F836C65A95F2F307C /* Pods_RxSwiftStudy.framework */ = {isa = PBXFileReference; explicitFileType = wrapper.framework; includeInIndex = 0; path = Pods_RxSwiftStudy.framework; sourceTree = BUILT_PRODUCTS_DIR; };
		940D5E9B59EFE5270318341F /* Pods-RxSwiftStudy.debug.xcconfig */ = {isa = PBXFileReference; includeInIndex = 1; lastKnownFileType = text.xcconfig; name = "Pods-RxSwiftStudy.debug.xcconfig"; path = "Pods/Target Support Files/Pods-RxSwiftStudy/Pods-RxSwiftStudy.debug.xcconfig"; sourceTree = "<group>"; };
		970BBB8521DDEAF30057F408 /* GithubSearchViewController.swift */ = {isa = PBXFileReference; lastKnownFileType = sourcecode.swift; path = GithubSearchViewController.swift; sourceTree = "<group>"; };
		970BBB8721DDEB320057F408 /* GitHubAPI.swift */ = {isa = PBXFileReference; lastKnownFileType = sourcecode.swift; path = GitHubAPI.swift; sourceTree = "<group>"; };
		970BBB8921DDED030057F408 /* GitHubRepositories.swift */ = {isa = PBXFileReference; lastKnownFileType = sourcecode.swift; path = GitHubRepositories.swift; sourceTree = "<group>"; };
		970BBB8B21DDF0800057F408 /* GitHubViewModel.swift */ = {isa = PBXFileReference; lastKnownFileType = sourcecode.swift; path = GitHubViewModel.swift; sourceTree = "<group>"; };
		971307A621CCDB730003E67B /* RxSwiftStudy.app */ = {isa = PBXFileReference; explicitFileType = wrapper.application; includeInIndex = 0; path = RxSwiftStudy.app; sourceTree = BUILT_PRODUCTS_DIR; };
		971307A921CCDB730003E67B /* AppDelegate.swift */ = {isa = PBXFileReference; lastKnownFileType = sourcecode.swift; path = AppDelegate.swift; sourceTree = "<group>"; };
		971307AB21CCDB730003E67B /* ViewController.swift */ = {isa = PBXFileReference; lastKnownFileType = sourcecode.swift; path = ViewController.swift; sourceTree = "<group>"; };
		971307AE21CCDB730003E67B /* Base */ = {isa = PBXFileReference; lastKnownFileType = file.storyboard; name = Base; path = Base.lproj/Main.storyboard; sourceTree = "<group>"; };
		971307B021CCDB750003E67B /* Assets.xcassets */ = {isa = PBXFileReference; lastKnownFileType = folder.assetcatalog; path = Assets.xcassets; sourceTree = "<group>"; };
		971307B321CCDB750003E67B /* Base */ = {isa = PBXFileReference; lastKnownFileType = file.storyboard; name = Base; path = Base.lproj/LaunchScreen.storyboard; sourceTree = "<group>"; };
		971307B521CCDB750003E67B /* Info.plist */ = {isa = PBXFileReference; lastKnownFileType = text.plist.xml; path = Info.plist; sourceTree = "<group>"; };
		971307BA21CCDB750003E67B /* RxSwiftStudyTests.xctest */ = {isa = PBXFileReference; explicitFileType = wrapper.cfbundle; includeInIndex = 0; path = RxSwiftStudyTests.xctest; sourceTree = BUILT_PRODUCTS_DIR; };
		971307BE21CCDB750003E67B /* RxSwiftStudyTests.swift */ = {isa = PBXFileReference; lastKnownFileType = sourcecode.swift; path = RxSwiftStudyTests.swift; sourceTree = "<group>"; };
		971307C021CCDB750003E67B /* Info.plist */ = {isa = PBXFileReference; lastKnownFileType = text.plist.xml; path = Info.plist; sourceTree = "<group>"; };
		971307C521CCDB750003E67B /* RxSwiftStudyUITests.xctest */ = {isa = PBXFileReference; explicitFileType = wrapper.cfbundle; includeInIndex = 0; path = RxSwiftStudyUITests.xctest; sourceTree = BUILT_PRODUCTS_DIR; };
		971307C921CCDB750003E67B /* RxSwiftStudyUITests.swift */ = {isa = PBXFileReference; lastKnownFileType = sourcecode.swift; path = RxSwiftStudyUITests.swift; sourceTree = "<group>"; };
		971307CB21CCDB750003E67B /* Info.plist */ = {isa = PBXFileReference; lastKnownFileType = text.plist.xml; path = Info.plist; sourceTree = "<group>"; };
		97168E2121E04EA000AC228A /* MJRefresh+Rx.swift */ = {isa = PBXFileReference; lastKnownFileType = sourcecode.swift; path = "MJRefresh+Rx.swift"; sourceTree = "<group>"; };
		9722288A21D08B04005EA63C /* ButtonViewController.swift */ = {isa = PBXFileReference; lastKnownFileType = sourcecode.swift; path = ButtonViewController.swift; sourceTree = "<group>"; };
		9722288F21D0BE0D005EA63C /* SwitchViewController.swift */ = {isa = PBXFileReference; lastKnownFileType = sourcecode.swift; path = SwitchViewController.swift; sourceTree = "<group>"; };
		9722289021D0BE0D005EA63C /* SwitchViewController.xib */ = {isa = PBXFileReference; lastKnownFileType = file.xib; path = SwitchViewController.xib; sourceTree = "<group>"; };
		9722289321D0C22F005EA63C /* SegmentedControlViewController.swift */ = {isa = PBXFileReference; lastKnownFileType = sourcecode.swift; path = SegmentedControlViewController.swift; sourceTree = "<group>"; };
		9722289421D0C22F005EA63C /* SegmentedControlViewController.xib */ = {isa = PBXFileReference; lastKnownFileType = file.xib; path = SegmentedControlViewController.xib; sourceTree = "<group>"; };
		973A4EEE21DC9E9100BB3C11 /* GitHubNetworkService.swift */ = {isa = PBXFileReference; lastKnownFileType = sourcecode.swift; path = GitHubNetworkService.swift; sourceTree = "<group>"; };
		973A4EF121DCA37300BB3C11 /* SignupViewController.swift */ = {isa = PBXFileReference; lastKnownFileType = sourcecode.swift; path = SignupViewController.swift; sourceTree = "<group>"; };
		973A4EF221DCA37300BB3C11 /* SignupViewController.xib */ = {isa = PBXFileReference; lastKnownFileType = file.xib; path = SignupViewController.xib; sourceTree = "<group>"; };
		973A4EF521DCA40E00BB3C11 /* ValidationResult.swift */ = {isa = PBXFileReference; lastKnownFileType = sourcecode.swift; path = ValidationResult.swift; sourceTree = "<group>"; };
		973A4EF721DCA66800BB3C11 /* GitHubSignupService.swift */ = {isa = PBXFileReference; lastKnownFileType = sourcecode.swift; path = GitHubSignupService.swift; sourceTree = "<group>"; };
		973A4EFA21DCAB4300BB3C11 /* GitHubSignupViewModel.swift */ = {isa = PBXFileReference; lastKnownFileType = sourcecode.swift; path = GitHubSignupViewModel.swift; sourceTree = "<group>"; };
		97483D5F21DF300600D28D98 /* SearchNovelViewController.swift */ = {isa = PBXFileReference; lastKnownFileType = sourcecode.swift; path = SearchNovelViewController.swift; sourceTree = "<group>"; };
		97483D6121DF303F00D28D98 /* SearchNovelTableViewCell.swift */ = {isa = PBXFileReference; lastKnownFileType = sourcecode.swift; path = SearchNovelTableViewCell.swift; sourceTree = "<group>"; };
		97483D6321DF3C4900D28D98 /* SearchNovelAPI.swift */ = {isa = PBXFileReference; lastKnownFileType = sourcecode.swift; path = SearchNovelAPI.swift; sourceTree = "<group>"; };
		97483D6521DF3FB600D28D98 /* SearchNovelModel.swift */ = {isa = PBXFileReference; lastKnownFileType = sourcecode.swift; path = SearchNovelModel.swift; sourceTree = "<group>"; };
		97483D6721DF40EB00D28D98 /* SearchNovelViewModel.swift */ = {isa = PBXFileReference; lastKnownFileType = sourcecode.swift; path = SearchNovelViewModel.swift; sourceTree = "<group>"; };
		976EB4B221D49A390077D17A /* RxAlamofireViewController.swift */ = {isa = PBXFileReference; lastKnownFileType = sourcecode.swift; path = RxAlamofireViewController.swift; sourceTree = "<group>"; };
		976EB4B321D49A390077D17A /* RxAlamofireViewController.xib */ = {isa = PBXFileReference; lastKnownFileType = file.xib; path = RxAlamofireViewController.xib; sourceTree = "<group>"; };
		976EB4B821D4A5950077D17A /* RxAlamofireJsonViewController.swift */ = {isa = PBXFileReference; lastKnownFileType = sourcecode.swift; path = RxAlamofireJsonViewController.swift; sourceTree = "<group>"; };
		976EB4B921D4A5950077D17A /* RxAlamofireJsonViewController.xib */ = {isa = PBXFileReference; lastKnownFileType = file.xib; path = RxAlamofireJsonViewController.xib; sourceTree = "<group>"; };
		976EB4BC21D4AC5F0077D17A /* RxAlamofireCViewController.swift */ = {isa = PBXFileReference; lastKnownFileType = sourcecode.swift; path = RxAlamofireCViewController.swift; sourceTree = "<group>"; };
		976EB4BD21D4AC5F0077D17A /* RxAlamofireCViewController.xib */ = {isa = PBXFileReference; lastKnownFileType = file.xib; path = RxAlamofireCViewController.xib; sourceTree = "<group>"; };
		976EB4C021D4ADEC0077D17A /* ObjectMapperModel.swift */ = {isa = PBXFileReference; lastKnownFileType = sourcecode.swift; path = ObjectMapperModel.swift; sourceTree = "<group>"; };
		976F3C4421D1DAB3002CAD2E /* Operators.swift */ = {isa = PBXFileReference; fileEncoding = 4; lastKnownFileType = sourcecode.swift; path = Operators.swift; sourceTree = "<group>"; };
		976F3C4621D1DAC1002CAD2E /* BBViewController.swift */ = {isa = PBXFileReference; lastKnownFileType = sourcecode.swift; path = BBViewController.swift; sourceTree = "<group>"; };
		976F3C4721D1DAC1002CAD2E /* BBViewController.xib */ = {isa = PBXFileReference; lastKnownFileType = file.xib; path = BBViewController.xib; sourceTree = "<group>"; };
		976F3C4A21D1DB94002CAD2E /* BBModel.swift */ = {isa = PBXFileReference; lastKnownFileType = sourcecode.swift; path = BBModel.swift; sourceTree = "<group>"; };
		976F3C4E21D1F813002CAD2E /* GestureRecognizerViewController.swift */ = {isa = PBXFileReference; lastKnownFileType = sourcecode.swift; path = GestureRecognizerViewController.swift; sourceTree = "<group>"; };
		976F3C5121D1FDEA002CAD2E /* DatePickerViewController.swift */ = {isa = PBXFileReference; lastKnownFileType = sourcecode.swift; path = DatePickerViewController.swift; sourceTree = "<group>"; };
		976F3C5221D1FDEA002CAD2E /* DatePickerViewController.xib */ = {isa = PBXFileReference; lastKnownFileType = file.xib; path = DatePickerViewController.xib; sourceTree = "<group>"; };
		976F3C5521D20106002CAD2E /* CTimerViewController.swift */ = {isa = PBXFileReference; lastKnownFileType = sourcecode.swift; path = CTimerViewController.swift; sourceTree = "<group>"; };
		976F3C5621D20106002CAD2E /* CTimerViewController.xib */ = {isa = PBXFileReference; lastKnownFileType = file.xib; path = CTimerViewController.xib; sourceTree = "<group>"; };
		976F3C5B21D2106E002CAD2E /* TableViewController.swift */ = {isa = PBXFileReference; lastKnownFileType = sourcecode.swift; path = TableViewController.swift; sourceTree = "<group>"; };
		976F3C5F21D217A6002CAD2E /* ReloadTableViewController.swift */ = {isa = PBXFileReference; lastKnownFileType = sourcecode.swift; path = ReloadTableViewController.swift; sourceTree = "<group>"; };
		9786EEE921CE0643007AAD0F /* LabelViewController.swift */ = {isa = PBXFileReference; lastKnownFileType = sourcecode.swift; path = LabelViewController.swift; sourceTree = "<group>"; };
		9786EEEC21CE0B1F007AAD0F /* TextFieldViewController.swift */ = {isa = PBXFileReference; lastKnownFileType = sourcecode.swift; path = TextFieldViewController.swift; sourceTree = "<group>"; };
		979CE66821D5F9F800A00C06 /* DouBanAPI.swift */ = {isa = PBXFileReference; lastKnownFileType = sourcecode.swift; path = DouBanAPI.swift; sourceTree = "<group>"; };
		979CE66A21D603D900A00C06 /* RxMoyaViewController.swift */ = {isa = PBXFileReference; lastKnownFileType = sourcecode.swift; path = RxMoyaViewController.swift; sourceTree = "<group>"; };
		979CE66B21D603D900A00C06 /* RxMoyaViewController.xib */ = {isa = PBXFileReference; lastKnownFileType = file.xib; path = RxMoyaViewController.xib; sourceTree = "<group>"; };
		979CE66E21D607D100A00C06 /* RxMoyaJsonViewController.swift */ = {isa = PBXFileReference; lastKnownFileType = sourcecode.swift; path = RxMoyaJsonViewController.swift; sourceTree = "<group>"; };
		979CE66F21D607D100A00C06 /* RxMoyaJsonViewController.xib */ = {isa = PBXFileReference; lastKnownFileType = file.xib; path = RxMoyaJsonViewController.xib; sourceTree = "<group>"; };
		979CE67221D6104E00A00C06 /* RxMoyaCViewController.swift */ = {isa = PBXFileReference; lastKnownFileType = sourcecode.swift; path = RxMoyaCViewController.swift; sourceTree = "<group>"; };
		979CE67321D6104E00A00C06 /* RxMoyaCViewController.xib */ = {isa = PBXFileReference; lastKnownFileType = file.xib; path = RxMoyaCViewController.xib; sourceTree = "<group>"; };
		979CE67821D6128100A00C06 /* ListModel.swift */ = {isa = PBXFileReference; lastKnownFileType = sourcecode.swift; path = ListModel.swift; sourceTree = "<group>"; };
		979CE67C21D6160E00A00C06 /* RxMoya+HandyJson.swift */ = {isa = PBXFileReference; lastKnownFileType = sourcecode.swift; path = "RxMoya+HandyJson.swift"; sourceTree = "<group>"; };
		97EBF20421D34A610057F03F /* EditTableViewController.swift */ = {isa = PBXFileReference; lastKnownFileType = sourcecode.swift; path = EditTableViewController.swift; sourceTree = "<group>"; };
		97EBF20721D3571F0057F03F /* CustomTableViewController.swift */ = {isa = PBXFileReference; lastKnownFileType = sourcecode.swift; path = CustomTableViewController.swift; sourceTree = "<group>"; };
		97EBF20B21D3614A0057F03F /* CollectionViewViewController.swift */ = {isa = PBXFileReference; lastKnownFileType = sourcecode.swift; path = CollectionViewViewController.swift; sourceTree = "<group>"; };
		97EBF20D21D367F50057F03F /* MyCollectionViewCell.swift */ = {isa = PBXFileReference; lastKnownFileType = sourcecode.swift; path = MyCollectionViewCell.swift; sourceTree = "<group>"; };
/* End PBXFileReference section */

/* Begin PBXFrameworksBuildPhase section */
		971307A321CCDB730003E67B /* Frameworks */ = {
			isa = PBXFrameworksBuildPhase;
			buildActionMask = 2147483647;
			files = (
				E335AF730FDC81448C7EBF68 /* Pods_RxSwiftStudy.framework in Frameworks */,
			);
			runOnlyForDeploymentPostprocessing = 0;
		};
		971307B721CCDB750003E67B /* Frameworks */ = {
			isa = PBXFrameworksBuildPhase;
			buildActionMask = 2147483647;
			files = (
			);
			runOnlyForDeploymentPostprocessing = 0;
		};
		971307C221CCDB750003E67B /* Frameworks */ = {
			isa = PBXFrameworksBuildPhase;
			buildActionMask = 2147483647;
			files = (
			);
			runOnlyForDeploymentPostprocessing = 0;
		};
/* End PBXFrameworksBuildPhase section */

/* Begin PBXGroup section */
		33E2627A4C2F9D3D3A592070 /* Pods */ = {
			isa = PBXGroup;
			children = (
				940D5E9B59EFE5270318341F /* Pods-RxSwiftStudy.debug.xcconfig */,
				4DB2CFBEE0F2501B9A8D662C /* Pods-RxSwiftStudy.release.xcconfig */,
			);
			name = Pods;
			sourceTree = "<group>";
		};
		970BBB8421DDEA800057F408 /* MVVM-UITableView */ = {
			isa = PBXGroup;
			children = (
				970BBB8521DDEAF30057F408 /* GithubSearchViewController.swift */,
				970BBB8721DDEB320057F408 /* GitHubAPI.swift */,
				970BBB8921DDED030057F408 /* GitHubRepositories.swift */,
				970BBB8B21DDF0800057F408 /* GitHubViewModel.swift */,
			);
			path = "MVVM-UITableView";
			sourceTree = "<group>";
		};
		9713079D21CCDB730003E67B = {
			isa = PBXGroup;
			children = (
				971307A821CCDB730003E67B /* RxSwiftStudy */,
				971307BD21CCDB750003E67B /* RxSwiftStudyTests */,
				971307C821CCDB750003E67B /* RxSwiftStudyUITests */,
				971307A721CCDB730003E67B /* Products */,
				33E2627A4C2F9D3D3A592070 /* Pods */,
				D7831456FEB40F1EFECD086A /* Frameworks */,
			);
			sourceTree = "<group>";
		};
		971307A721CCDB730003E67B /* Products */ = {
			isa = PBXGroup;
			children = (
				971307A621CCDB730003E67B /* RxSwiftStudy.app */,
				971307BA21CCDB750003E67B /* RxSwiftStudyTests.xctest */,
				971307C521CCDB750003E67B /* RxSwiftStudyUITests.xctest */,
			);
			name = Products;
			sourceTree = "<group>";
		};
		971307A821CCDB730003E67B /* RxSwiftStudy */ = {
			isa = PBXGroup;
			children = (
				971307A921CCDB730003E67B /* AppDelegate.swift */,
				971307AB21CCDB730003E67B /* ViewController.swift */,
				97483D5E21DF2FDD00D28D98 /* MVVM-小说搜索 */,
				970BBB8421DDEA800057F408 /* MVVM-UITableView */,
				973A4EE521DC9ADD00BB3C11 /* MVVM-注册页 */,
				976EB4AF21D4989A0077D17A /* 网络请求 */,
				97EBF20A21D361360057F03F /* UICollectionView */,
				976F3C5A21D21065002CAD2E /* UITableView */,
				976F3C5021D1FDD7002CAD2E /* UIDatePicker */,
				976F3C4D21D1F7FF002CAD2E /* UIGestureRecognizer */,
				976F3C4321D1DA97002CAD2E /* 双向绑定 */,
				9722288C21D0BDCB005EA63C /* UISwitch:UISegmentedControl */,
				9722288921D08A7E005EA63C /* UIButton */,
				9786EEEB21CE0B17007AAD0F /* UITextField */,
				9786EEE421CE0526007AAD0F /* UILabel */,
				971307AD21CCDB730003E67B /* Main.storyboard */,
				971307B021CCDB750003E67B /* Assets.xcassets */,
				971307B221CCDB750003E67B /* LaunchScreen.storyboard */,
				971307B521CCDB750003E67B /* Info.plist */,
			);
			path = RxSwiftStudy;
			sourceTree = "<group>";
		};
		971307BD21CCDB750003E67B /* RxSwiftStudyTests */ = {
			isa = PBXGroup;
			children = (
				971307BE21CCDB750003E67B /* RxSwiftStudyTests.swift */,
				971307C021CCDB750003E67B /* Info.plist */,
			);
			path = RxSwiftStudyTests;
			sourceTree = "<group>";
		};
		971307C821CCDB750003E67B /* RxSwiftStudyUITests */ = {
			isa = PBXGroup;
			children = (
				971307C921CCDB750003E67B /* RxSwiftStudyUITests.swift */,
				971307CB21CCDB750003E67B /* Info.plist */,
			);
			path = RxSwiftStudyUITests;
			sourceTree = "<group>";
		};
		9722288921D08A7E005EA63C /* UIButton */ = {
			isa = PBXGroup;
			children = (
				9722288A21D08B04005EA63C /* ButtonViewController.swift */,
			);
			path = UIButton;
			sourceTree = "<group>";
		};
		9722288C21D0BDCB005EA63C /* UISwitch:UISegmentedControl */ = {
			isa = PBXGroup;
			children = (
				9722288F21D0BE0D005EA63C /* SwitchViewController.swift */,
				9722289021D0BE0D005EA63C /* SwitchViewController.xib */,
				9722289321D0C22F005EA63C /* SegmentedControlViewController.swift */,
				9722289421D0C22F005EA63C /* SegmentedControlViewController.xib */,
			);
			path = "UISwitch:UISegmentedControl";
			sourceTree = "<group>";
		};
		973A4EE521DC9ADD00BB3C11 /* MVVM-注册页 */ = {
			isa = PBXGroup;
			children = (
				973A4EF121DCA37300BB3C11 /* SignupViewController.swift */,
				973A4EF221DCA37300BB3C11 /* SignupViewController.xib */,
				973A4EEE21DC9E9100BB3C11 /* GitHubNetworkService.swift */,
				973A4EF521DCA40E00BB3C11 /* ValidationResult.swift */,
				973A4EF721DCA66800BB3C11 /* GitHubSignupService.swift */,
				973A4EFA21DCAB4300BB3C11 /* GitHubSignupViewModel.swift */,
			);
			path = "MVVM-注册页";
			sourceTree = "<group>";
		};
		97483D5E21DF2FDD00D28D98 /* MVVM-小说搜索 */ = {
			isa = PBXGroup;
			children = (
				97483D5F21DF300600D28D98 /* SearchNovelViewController.swift */,
				97483D6121DF303F00D28D98 /* SearchNovelTableViewCell.swift */,
				97483D6321DF3C4900D28D98 /* SearchNovelAPI.swift */,
				97483D6521DF3FB600D28D98 /* SearchNovelModel.swift */,
				97483D6721DF40EB00D28D98 /* SearchNovelViewModel.swift */,
				97168E2121E04EA000AC228A /* MJRefresh+Rx.swift */,
			);
			path = "MVVM-小说搜索";
			sourceTree = "<group>";
		};
		976EB4AF21D4989A0077D17A /* 网络请求 */ = {
			isa = PBXGroup;
			children = (
				976EB4B221D49A390077D17A /* RxAlamofireViewController.swift */,
				976EB4B321D49A390077D17A /* RxAlamofireViewController.xib */,
				976EB4B821D4A5950077D17A /* RxAlamofireJsonViewController.swift */,
				976EB4B921D4A5950077D17A /* RxAlamofireJsonViewController.xib */,
				976EB4BC21D4AC5F0077D17A /* RxAlamofireCViewController.swift */,
				976EB4BD21D4AC5F0077D17A /* RxAlamofireCViewController.xib */,
				976EB4C021D4ADEC0077D17A /* ObjectMapperModel.swift */,
				979CE66A21D603D900A00C06 /* RxMoyaViewController.swift */,
				979CE66B21D603D900A00C06 /* RxMoyaViewController.xib */,
				979CE66E21D607D100A00C06 /* RxMoyaJsonViewController.swift */,
				979CE66F21D607D100A00C06 /* RxMoyaJsonViewController.xib */,
				979CE67221D6104E00A00C06 /* RxMoyaCViewController.swift */,
				979CE67321D6104E00A00C06 /* RxMoyaCViewController.xib */,
				979CE66821D5F9F800A00C06 /* DouBanAPI.swift */,
				979CE67821D6128100A00C06 /* ListModel.swift */,
				979CE67C21D6160E00A00C06 /* RxMoya+HandyJson.swift */,
			);
			path = "网络请求";
			sourceTree = "<group>";
		};
		976F3C4321D1DA97002CAD2E /* 双向绑定 */ = {
			isa = PBXGroup;
			children = (
				976F3C4421D1DAB3002CAD2E /* Operators.swift */,
				976F3C4621D1DAC1002CAD2E /* BBViewController.swift */,
				976F3C4A21D1DB94002CAD2E /* BBModel.swift */,
				976F3C4721D1DAC1002CAD2E /* BBViewController.xib */,
			);
			path = "双向绑定";
			sourceTree = "<group>";
		};
		976F3C4D21D1F7FF002CAD2E /* UIGestureRecognizer */ = {
			isa = PBXGroup;
			children = (
				976F3C4E21D1F813002CAD2E /* GestureRecognizerViewController.swift */,
			);
			path = UIGestureRecognizer;
			sourceTree = "<group>";
		};
		976F3C5021D1FDD7002CAD2E /* UIDatePicker */ = {
			isa = PBXGroup;
			children = (
				976F3C5121D1FDEA002CAD2E /* DatePickerViewController.swift */,
				976F3C5221D1FDEA002CAD2E /* DatePickerViewController.xib */,
				976F3C5521D20106002CAD2E /* CTimerViewController.swift */,
				976F3C5621D20106002CAD2E /* CTimerViewController.xib */,
			);
			path = UIDatePicker;
			sourceTree = "<group>";
		};
		976F3C5A21D21065002CAD2E /* UITableView */ = {
			isa = PBXGroup;
			children = (
				976F3C5B21D2106E002CAD2E /* TableViewController.swift */,
				976F3C5F21D217A6002CAD2E /* ReloadTableViewController.swift */,
				97EBF20421D34A610057F03F /* EditTableViewController.swift */,
				97EBF20721D3571F0057F03F /* CustomTableViewController.swift */,
			);
			path = UITableView;
			sourceTree = "<group>";
		};
		9786EEE421CE0526007AAD0F /* UILabel */ = {
			isa = PBXGroup;
			children = (
				9786EEE921CE0643007AAD0F /* LabelViewController.swift */,
			);
			path = UILabel;
			sourceTree = "<group>";
		};
		9786EEEB21CE0B17007AAD0F /* UITextField */ = {
			isa = PBXGroup;
			children = (
				9786EEEC21CE0B1F007AAD0F /* TextFieldViewController.swift */,
			);
			path = UITextField;
			sourceTree = "<group>";
		};
		97EBF20A21D361360057F03F /* UICollectionView */ = {
			isa = PBXGroup;
			children = (
				97EBF20B21D3614A0057F03F /* CollectionViewViewController.swift */,
				97EBF20D21D367F50057F03F /* MyCollectionViewCell.swift */,
			);
			path = UICollectionView;
			sourceTree = "<group>";
		};
		D7831456FEB40F1EFECD086A /* Frameworks */ = {
			isa = PBXGroup;
			children = (
				64B7183F836C65A95F2F307C /* Pods_RxSwiftStudy.framework */,
			);
			name = Frameworks;
			sourceTree = "<group>";
		};
/* End PBXGroup section */

/* Begin PBXNativeTarget section */
		971307A521CCDB730003E67B /* RxSwiftStudy */ = {
			isa = PBXNativeTarget;
			buildConfigurationList = 971307CE21CCDB750003E67B /* Build configuration list for PBXNativeTarget "RxSwiftStudy" */;
			buildPhases = (
				11BA63B63A38137F3C579F4E /* [CP] Check Pods Manifest.lock */,
				971307A221CCDB730003E67B /* Sources */,
				971307A321CCDB730003E67B /* Frameworks */,
				971307A421CCDB730003E67B /* Resources */,
				32EC7AE782AA441463E2C1D4 /* [CP] Embed Pods Frameworks */,
				A415D6D885BCA317541AF4B7 /* [CP] Copy Pods Resources */,
			);
			buildRules = (
			);
			dependencies = (
			);
			name = RxSwiftStudy;
			productName = RxSwiftStudy;
			productReference = 971307A621CCDB730003E67B /* RxSwiftStudy.app */;
			productType = "com.apple.product-type.application";
		};
		971307B921CCDB750003E67B /* RxSwiftStudyTests */ = {
			isa = PBXNativeTarget;
			buildConfigurationList = 971307D121CCDB750003E67B /* Build configuration list for PBXNativeTarget "RxSwiftStudyTests" */;
			buildPhases = (
				971307B621CCDB750003E67B /* Sources */,
				971307B721CCDB750003E67B /* Frameworks */,
				971307B821CCDB750003E67B /* Resources */,
			);
			buildRules = (
			);
			dependencies = (
				971307BC21CCDB750003E67B /* PBXTargetDependency */,
			);
			name = RxSwiftStudyTests;
			productName = RxSwiftStudyTests;
			productReference = 971307BA21CCDB750003E67B /* RxSwiftStudyTests.xctest */;
			productType = "com.apple.product-type.bundle.unit-test";
		};
		971307C421CCDB750003E67B /* RxSwiftStudyUITests */ = {
			isa = PBXNativeTarget;
			buildConfigurationList = 971307D421CCDB750003E67B /* Build configuration list for PBXNativeTarget "RxSwiftStudyUITests" */;
			buildPhases = (
				971307C121CCDB750003E67B /* Sources */,
				971307C221CCDB750003E67B /* Frameworks */,
				971307C321CCDB750003E67B /* Resources */,
			);
			buildRules = (
			);
			dependencies = (
				971307C721CCDB750003E67B /* PBXTargetDependency */,
			);
			name = RxSwiftStudyUITests;
			productName = RxSwiftStudyUITests;
			productReference = 971307C521CCDB750003E67B /* RxSwiftStudyUITests.xctest */;
			productType = "com.apple.product-type.bundle.ui-testing";
		};
/* End PBXNativeTarget section */

/* Begin PBXProject section */
		9713079E21CCDB730003E67B /* Project object */ = {
			isa = PBXProject;
			attributes = {
				LastSwiftUpdateCheck = 1010;
				LastUpgradeCheck = 1010;
				ORGANIZATIONNAME = WH;
				TargetAttributes = {
					971307A521CCDB730003E67B = {
						CreatedOnToolsVersion = 10.1;
					};
					971307B921CCDB750003E67B = {
						CreatedOnToolsVersion = 10.1;
						TestTargetID = 971307A521CCDB730003E67B;
					};
					971307C421CCDB750003E67B = {
						CreatedOnToolsVersion = 10.1;
						TestTargetID = 971307A521CCDB730003E67B;
					};
				};
			};
			buildConfigurationList = 971307A121CCDB730003E67B /* Build configuration list for PBXProject "RxSwiftStudy" */;
			compatibilityVersion = "Xcode 9.3";
			developmentRegion = en;
			hasScannedForEncodings = 0;
			knownRegions = (
				en,
				Base,
			);
			mainGroup = 9713079D21CCDB730003E67B;
			productRefGroup = 971307A721CCDB730003E67B /* Products */;
			projectDirPath = "";
			projectRoot = "";
			targets = (
				971307A521CCDB730003E67B /* RxSwiftStudy */,
				971307B921CCDB750003E67B /* RxSwiftStudyTests */,
				971307C421CCDB750003E67B /* RxSwiftStudyUITests */,
			);
		};
/* End PBXProject section */

/* Begin PBXResourcesBuildPhase section */
		971307A421CCDB730003E67B /* Resources */ = {
			isa = PBXResourcesBuildPhase;
			buildActionMask = 2147483647;
			files = (
				979CE66D21D603D900A00C06 /* RxMoyaViewController.xib in Resources */,
				976F3C4921D1DAC1002CAD2E /* BBViewController.xib in Resources */,
				971307B421CCDB750003E67B /* LaunchScreen.storyboard in Resources */,
				976EB4B521D49A390077D17A /* RxAlamofireViewController.xib in Resources */,
				9722289621D0C22F005EA63C /* SegmentedControlViewController.xib in Resources */,
				971307B121CCDB750003E67B /* Assets.xcassets in Resources */,
				973A4EF421DCA37300BB3C11 /* SignupViewController.xib in Resources */,
				979CE67121D607D100A00C06 /* RxMoyaJsonViewController.xib in Resources */,
				976EB4BB21D4A5950077D17A /* RxAlamofireJsonViewController.xib in Resources */,
				976F3C5821D20106002CAD2E /* CTimerViewController.xib in Resources */,
				9722289221D0BE0D005EA63C /* SwitchViewController.xib in Resources */,
				976F3C5421D1FDEA002CAD2E /* DatePickerViewController.xib in Resources */,
				976EB4BF21D4AC5F0077D17A /* RxAlamofireCViewController.xib in Resources */,
				979CE67521D6104E00A00C06 /* RxMoyaCViewController.xib in Resources */,
				971307AF21CCDB730003E67B /* Main.storyboard in Resources */,
			);
			runOnlyForDeploymentPostprocessing = 0;
		};
		971307B821CCDB750003E67B /* Resources */ = {
			isa = PBXResourcesBuildPhase;
			buildActionMask = 2147483647;
			files = (
			);
			runOnlyForDeploymentPostprocessing = 0;
		};
		971307C321CCDB750003E67B /* Resources */ = {
			isa = PBXResourcesBuildPhase;
			buildActionMask = 2147483647;
			files = (
			);
			runOnlyForDeploymentPostprocessing = 0;
		};
/* End PBXResourcesBuildPhase section */

/* Begin PBXShellScriptBuildPhase section */
		11BA63B63A38137F3C579F4E /* [CP] Check Pods Manifest.lock */ = {
			isa = PBXShellScriptBuildPhase;
			buildActionMask = 2147483647;
			files = (
			);
			inputPaths = (
				"${PODS_PODFILE_DIR_PATH}/Podfile.lock",
				"${PODS_ROOT}/Manifest.lock",
			);
			name = "[CP] Check Pods Manifest.lock";
			outputPaths = (
				"$(DERIVED_FILE_DIR)/Pods-RxSwiftStudy-checkManifestLockResult.txt",
			);
			runOnlyForDeploymentPostprocessing = 0;
			shellPath = /bin/sh;
			shellScript = "diff \"${PODS_PODFILE_DIR_PATH}/Podfile.lock\" \"${PODS_ROOT}/Manifest.lock\" > /dev/null\nif [ $? != 0 ] ; then\n    # print error to STDERR\n    echo \"error: The sandbox is not in sync with the Podfile.lock. Run 'pod install' or update your CocoaPods installation.\" >&2\n    exit 1\nfi\n# This output is used by Xcode 'outputs' to avoid re-running this script phase.\necho \"SUCCESS\" > \"${SCRIPT_OUTPUT_FILE_0}\"\n";
			showEnvVarsInLog = 0;
		};
		32EC7AE782AA441463E2C1D4 /* [CP] Embed Pods Frameworks */ = {
			isa = PBXShellScriptBuildPhase;
			buildActionMask = 2147483647;
			files = (
			);
			inputPaths = (
				"${SRCROOT}/Pods/Target Support Files/Pods-RxSwiftStudy/Pods-RxSwiftStudy-frameworks.sh",
				"${BUILT_PRODUCTS_DIR}/Alamofire/Alamofire.framework",
				"${BUILT_PRODUCTS_DIR}/Differentiator/Differentiator.framework",
				"${BUILT_PRODUCTS_DIR}/HandyJSON/HandyJSON.framework",
				"${BUILT_PRODUCTS_DIR}/MJRefresh/MJRefresh.framework",
				"${BUILT_PRODUCTS_DIR}/Moya/Moya.framework",
				"${BUILT_PRODUCTS_DIR}/ObjectMapper/ObjectMapper.framework",
				"${BUILT_PRODUCTS_DIR}/Result/Result.framework",
				"${BUILT_PRODUCTS_DIR}/RxAlamofire/RxAlamofire.framework",
				"${BUILT_PRODUCTS_DIR}/RxAtomic/RxAtomic.framework",
				"${BUILT_PRODUCTS_DIR}/RxCocoa/RxCocoa.framework",
				"${BUILT_PRODUCTS_DIR}/RxDataSources/RxDataSources.framework",
				"${BUILT_PRODUCTS_DIR}/RxSwift/RxSwift.framework",
			);
			name = "[CP] Embed Pods Frameworks";
			outputPaths = (
				"${TARGET_BUILD_DIR}/${FRAMEWORKS_FOLDER_PATH}/Alamofire.framework",
				"${TARGET_BUILD_DIR}/${FRAMEWORKS_FOLDER_PATH}/Differentiator.framework",
				"${TARGET_BUILD_DIR}/${FRAMEWORKS_FOLDER_PATH}/HandyJSON.framework",
				"${TARGET_BUILD_DIR}/${FRAMEWORKS_FOLDER_PATH}/MJRefresh.framework",
				"${TARGET_BUILD_DIR}/${FRAMEWORKS_FOLDER_PATH}/Moya.framework",
				"${TARGET_BUILD_DIR}/${FRAMEWORKS_FOLDER_PATH}/ObjectMapper.framework",
				"${TARGET_BUILD_DIR}/${FRAMEWORKS_FOLDER_PATH}/Result.framework",
				"${TARGET_BUILD_DIR}/${FRAMEWORKS_FOLDER_PATH}/RxAlamofire.framework",
				"${TARGET_BUILD_DIR}/${FRAMEWORKS_FOLDER_PATH}/RxAtomic.framework",
				"${TARGET_BUILD_DIR}/${FRAMEWORKS_FOLDER_PATH}/RxCocoa.framework",
				"${TARGET_BUILD_DIR}/${FRAMEWORKS_FOLDER_PATH}/RxDataSources.framework",
				"${TARGET_BUILD_DIR}/${FRAMEWORKS_FOLDER_PATH}/RxSwift.framework",
			);
			runOnlyForDeploymentPostprocessing = 0;
			shellPath = /bin/sh;
			shellScript = "\"${SRCROOT}/Pods/Target Support Files/Pods-RxSwiftStudy/Pods-RxSwiftStudy-frameworks.sh\"\n";
			showEnvVarsInLog = 0;
		};
		A415D6D885BCA317541AF4B7 /* [CP] Copy Pods Resources */ = {
			isa = PBXShellScriptBuildPhase;
			buildActionMask = 2147483647;
			files = (
			);
			inputPaths = (
			);
			name = "[CP] Copy Pods Resources";
			outputPaths = (
			);
			runOnlyForDeploymentPostprocessing = 0;
			shellPath = /bin/sh;
			shellScript = "\"${SRCROOT}/Pods/Target Support Files/Pods-RxSwiftStudy/Pods-RxSwiftStudy-resources.sh\"\n";
			showEnvVarsInLog = 0;
		};
/* End PBXShellScriptBuildPhase section */

/* Begin PBXSourcesBuildPhase section */
		971307A221CCDB730003E67B /* Sources */ = {
			isa = PBXSourcesBuildPhase;
			buildActionMask = 2147483647;
			files = (
				970BBB8621DDEAF30057F408 /* GithubSearchViewController.swift in Sources */,
				9722289121D0BE0D005EA63C /* SwitchViewController.swift in Sources */,
				970BBB8A21DDED030057F408 /* GitHubRepositories.swift in Sources */,
				979CE66C21D603D900A00C06 /* RxMoyaViewController.swift in Sources */,
				976F3C5C21D2106E002CAD2E /* TableViewController.swift in Sources */,
				976F3C4521D1DAB3002CAD2E /* Operators.swift in Sources */,
				97483D6021DF300600D28D98 /* SearchNovelViewController.swift in Sources */,
				979CE67021D607D100A00C06 /* RxMoyaJsonViewController.swift in Sources */,
				976EB4B421D49A390077D17A /* RxAlamofireViewController.swift in Sources */,
				976EB4BA21D4A5950077D17A /* RxAlamofireJsonViewController.swift in Sources */,
				973A4EFB21DCAB4300BB3C11 /* GitHubSignupViewModel.swift in Sources */,
				9786EEED21CE0B1F007AAD0F /* TextFieldViewController.swift in Sources */,
				979CE67421D6104E00A00C06 /* RxMoyaCViewController.swift in Sources */,
				971307AC21CCDB730003E67B /* ViewController.swift in Sources */,
				97EBF20521D34A610057F03F /* EditTableViewController.swift in Sources */,
				973A4EF321DCA37300BB3C11 /* SignupViewController.swift in Sources */,
				9722289521D0C22F005EA63C /* SegmentedControlViewController.swift in Sources */,
				976F3C6121D217A6002CAD2E /* ReloadTableViewController.swift in Sources */,
				971307AA21CCDB730003E67B /* AppDelegate.swift in Sources */,
				97483D6421DF3C4900D28D98 /* SearchNovelAPI.swift in Sources */,
				97168E2221E04EA000AC228A /* MJRefresh+Rx.swift in Sources */,
				976F3C4821D1DAC1002CAD2E /* BBViewController.swift in Sources */,
				97EBF20821D3571F0057F03F /* CustomTableViewController.swift in Sources */,
				970BBB8821DDEB320057F408 /* GitHubAPI.swift in Sources */,
				97483D6821DF40EB00D28D98 /* SearchNovelViewModel.swift in Sources */,
				970BBB8C21DDF0800057F408 /* GitHubViewModel.swift in Sources */,
				979CE66921D5F9F800A00C06 /* DouBanAPI.swift in Sources */,
				973A4EEF21DC9E9100BB3C11 /* GitHubNetworkService.swift in Sources */,
				976F3C4B21D1DB94002CAD2E /* BBModel.swift in Sources */,
				976F3C5321D1FDEA002CAD2E /* DatePickerViewController.swift in Sources */,
				97483D6621DF3FB600D28D98 /* SearchNovelModel.swift in Sources */,
				9722288B21D08B04005EA63C /* ButtonViewController.swift in Sources */,
				979CE67921D6128100A00C06 /* ListModel.swift in Sources */,
				976F3C5721D20106002CAD2E /* CTimerViewController.swift in Sources */,
				97EBF20E21D367F50057F03F /* MyCollectionViewCell.swift in Sources */,
				979CE67D21D6160E00A00C06 /* RxMoya+HandyJson.swift in Sources */,
				976F3C4F21D1F813002CAD2E /* GestureRecognizerViewController.swift in Sources */,
				973A4EF621DCA40E00BB3C11 /* ValidationResult.swift in Sources */,
				976EB4C121D4ADEC0077D17A /* ObjectMapperModel.swift in Sources */,
				9786EEEA21CE0643007AAD0F /* LabelViewController.swift in Sources */,
				973A4EF821DCA66800BB3C11 /* GitHubSignupService.swift in Sources */,
				976EB4BE21D4AC5F0077D17A /* RxAlamofireCViewController.swift in Sources */,
				97483D6221DF303F00D28D98 /* SearchNovelTableViewCell.swift in Sources */,
				97EBF20C21D3614A0057F03F /* CollectionViewViewController.swift in Sources */,
			);
			runOnlyForDeploymentPostprocessing = 0;
		};
		971307B621CCDB750003E67B /* Sources */ = {
			isa = PBXSourcesBuildPhase;
			buildActionMask = 2147483647;
			files = (
				971307BF21CCDB750003E67B /* RxSwiftStudyTests.swift in Sources */,
			);
			runOnlyForDeploymentPostprocessing = 0;
		};
		971307C121CCDB750003E67B /* Sources */ = {
			isa = PBXSourcesBuildPhase;
			buildActionMask = 2147483647;
			files = (
				973A4EF921DCA88200BB3C11 /* GitHubSignupService.swift in Sources */,
				971307CA21CCDB750003E67B /* RxSwiftStudyUITests.swift in Sources */,
			);
			runOnlyForDeploymentPostprocessing = 0;
		};
/* End PBXSourcesBuildPhase section */

/* Begin PBXTargetDependency section */
		971307BC21CCDB750003E67B /* PBXTargetDependency */ = {
			isa = PBXTargetDependency;
			target = 971307A521CCDB730003E67B /* RxSwiftStudy */;
			targetProxy = 971307BB21CCDB750003E67B /* PBXContainerItemProxy */;
		};
		971307C721CCDB750003E67B /* PBXTargetDependency */ = {
			isa = PBXTargetDependency;
			target = 971307A521CCDB730003E67B /* RxSwiftStudy */;
			targetProxy = 971307C621CCDB750003E67B /* PBXContainerItemProxy */;
		};
/* End PBXTargetDependency section */

/* Begin PBXVariantGroup section */
		971307AD21CCDB730003E67B /* Main.storyboard */ = {
			isa = PBXVariantGroup;
			children = (
				971307AE21CCDB730003E67B /* Base */,
			);
			name = Main.storyboard;
			sourceTree = "<group>";
		};
		971307B221CCDB750003E67B /* LaunchScreen.storyboard */ = {
			isa = PBXVariantGroup;
			children = (
				971307B321CCDB750003E67B /* Base */,
			);
			name = LaunchScreen.storyboard;
			sourceTree = "<group>";
		};
/* End PBXVariantGroup section */

/* Begin XCBuildConfiguration section */
		971307CC21CCDB750003E67B /* Debug */ = {
			isa = XCBuildConfiguration;
			buildSettings = {
				ALWAYS_SEARCH_USER_PATHS = NO;
				CLANG_ANALYZER_NONNULL = YES;
				CLANG_ANALYZER_NUMBER_OBJECT_CONVERSION = YES_AGGRESSIVE;
				CLANG_CXX_LANGUAGE_STANDARD = "gnu++14";
				CLANG_CXX_LIBRARY = "libc++";
				CLANG_ENABLE_MODULES = YES;
				CLANG_ENABLE_OBJC_ARC = YES;
				CLANG_ENABLE_OBJC_WEAK = YES;
				CLANG_WARN_BLOCK_CAPTURE_AUTORELEASING = YES;
				CLANG_WARN_BOOL_CONVERSION = YES;
				CLANG_WARN_COMMA = YES;
				CLANG_WARN_CONSTANT_CONVERSION = YES;
				CLANG_WARN_DEPRECATED_OBJC_IMPLEMENTATIONS = YES;
				CLANG_WARN_DIRECT_OBJC_ISA_USAGE = YES_ERROR;
				CLANG_WARN_DOCUMENTATION_COMMENTS = YES;
				CLANG_WARN_EMPTY_BODY = YES;
				CLANG_WARN_ENUM_CONVERSION = YES;
				CLANG_WARN_INFINITE_RECURSION = YES;
				CLANG_WARN_INT_CONVERSION = YES;
				CLANG_WARN_NON_LITERAL_NULL_CONVERSION = YES;
				CLANG_WARN_OBJC_IMPLICIT_RETAIN_SELF = YES;
				CLANG_WARN_OBJC_LITERAL_CONVERSION = YES;
				CLANG_WARN_OBJC_ROOT_CLASS = YES_ERROR;
				CLANG_WARN_RANGE_LOOP_ANALYSIS = YES;
				CLANG_WARN_STRICT_PROTOTYPES = YES;
				CLANG_WARN_SUSPICIOUS_MOVE = YES;
				CLANG_WARN_UNGUARDED_AVAILABILITY = YES_AGGRESSIVE;
				CLANG_WARN_UNREACHABLE_CODE = YES;
				CLANG_WARN__DUPLICATE_METHOD_MATCH = YES;
				CODE_SIGN_IDENTITY = "iPhone Developer";
				COPY_PHASE_STRIP = NO;
				DEBUG_INFORMATION_FORMAT = dwarf;
				ENABLE_STRICT_OBJC_MSGSEND = YES;
				ENABLE_TESTABILITY = YES;
				GCC_C_LANGUAGE_STANDARD = gnu11;
				GCC_DYNAMIC_NO_PIC = NO;
				GCC_NO_COMMON_BLOCKS = YES;
				GCC_OPTIMIZATION_LEVEL = 0;
				GCC_PREPROCESSOR_DEFINITIONS = (
					"DEBUG=1",
					"$(inherited)",
				);
				GCC_WARN_64_TO_32_BIT_CONVERSION = YES;
				GCC_WARN_ABOUT_RETURN_TYPE = YES_ERROR;
				GCC_WARN_UNDECLARED_SELECTOR = YES;
				GCC_WARN_UNINITIALIZED_AUTOS = YES_AGGRESSIVE;
				GCC_WARN_UNUSED_FUNCTION = YES;
				GCC_WARN_UNUSED_VARIABLE = YES;
				IPHONEOS_DEPLOYMENT_TARGET = 12.1;
				MTL_ENABLE_DEBUG_INFO = INCLUDE_SOURCE;
				MTL_FAST_MATH = YES;
				ONLY_ACTIVE_ARCH = YES;
				SDKROOT = iphoneos;
				SWIFT_ACTIVE_COMPILATION_CONDITIONS = DEBUG;
				SWIFT_OPTIMIZATION_LEVEL = "-Onone";
			};
			name = Debug;
		};
		971307CD21CCDB750003E67B /* Release */ = {
			isa = XCBuildConfiguration;
			buildSettings = {
				ALWAYS_SEARCH_USER_PATHS = NO;
				CLANG_ANALYZER_NONNULL = YES;
				CLANG_ANALYZER_NUMBER_OBJECT_CONVERSION = YES_AGGRESSIVE;
				CLANG_CXX_LANGUAGE_STANDARD = "gnu++14";
				CLANG_CXX_LIBRARY = "libc++";
				CLANG_ENABLE_MODULES = YES;
				CLANG_ENABLE_OBJC_ARC = YES;
				CLANG_ENABLE_OBJC_WEAK = YES;
				CLANG_WARN_BLOCK_CAPTURE_AUTORELEASING = YES;
				CLANG_WARN_BOOL_CONVERSION = YES;
				CLANG_WARN_COMMA = YES;
				CLANG_WARN_CONSTANT_CONVERSION = YES;
				CLANG_WARN_DEPRECATED_OBJC_IMPLEMENTATIONS = YES;
				CLANG_WARN_DIRECT_OBJC_ISA_USAGE = YES_ERROR;
				CLANG_WARN_DOCUMENTATION_COMMENTS = YES;
				CLANG_WARN_EMPTY_BODY = YES;
				CLANG_WARN_ENUM_CONVERSION = YES;
				CLANG_WARN_INFINITE_RECURSION = YES;
				CLANG_WARN_INT_CONVERSION = YES;
				CLANG_WARN_NON_LITERAL_NULL_CONVERSION = YES;
				CLANG_WARN_OBJC_IMPLICIT_RETAIN_SELF = YES;
				CLANG_WARN_OBJC_LITERAL_CONVERSION = YES;
				CLANG_WARN_OBJC_ROOT_CLASS = YES_ERROR;
				CLANG_WARN_RANGE_LOOP_ANALYSIS = YES;
				CLANG_WARN_STRICT_PROTOTYPES = YES;
				CLANG_WARN_SUSPICIOUS_MOVE = YES;
				CLANG_WARN_UNGUARDED_AVAILABILITY = YES_AGGRESSIVE;
				CLANG_WARN_UNREACHABLE_CODE = YES;
				CLANG_WARN__DUPLICATE_METHOD_MATCH = YES;
				CODE_SIGN_IDENTITY = "iPhone Developer";
				COPY_PHASE_STRIP = NO;
				DEBUG_INFORMATION_FORMAT = "dwarf-with-dsym";
				ENABLE_NS_ASSERTIONS = NO;
				ENABLE_STRICT_OBJC_MSGSEND = YES;
				GCC_C_LANGUAGE_STANDARD = gnu11;
				GCC_NO_COMMON_BLOCKS = YES;
				GCC_WARN_64_TO_32_BIT_CONVERSION = YES;
				GCC_WARN_ABOUT_RETURN_TYPE = YES_ERROR;
				GCC_WARN_UNDECLARED_SELECTOR = YES;
				GCC_WARN_UNINITIALIZED_AUTOS = YES_AGGRESSIVE;
				GCC_WARN_UNUSED_FUNCTION = YES;
				GCC_WARN_UNUSED_VARIABLE = YES;
				IPHONEOS_DEPLOYMENT_TARGET = 12.1;
				MTL_ENABLE_DEBUG_INFO = NO;
				MTL_FAST_MATH = YES;
				SDKROOT = iphoneos;
				SWIFT_COMPILATION_MODE = wholemodule;
				SWIFT_OPTIMIZATION_LEVEL = "-O";
				VALIDATE_PRODUCT = YES;
			};
			name = Release;
		};
		971307CF21CCDB750003E67B /* Debug */ = {
			isa = XCBuildConfiguration;
			baseConfigurationReference = 940D5E9B59EFE5270318341F /* Pods-RxSwiftStudy.debug.xcconfig */;
			buildSettings = {
				ASSETCATALOG_COMPILER_APPICON_NAME = AppIcon;
				CODE_SIGN_STYLE = Automatic;
				DEVELOPMENT_TEAM = P72ZUNZG2W;
				INFOPLIST_FILE = RxSwiftStudy/Info.plist;
				LD_RUNPATH_SEARCH_PATHS = (
					"$(inherited)",
					"@executable_path/Frameworks",
				);
				PRODUCT_BUNDLE_IDENTIFIER = S2G.RxSwiftStudy;
				PRODUCT_NAME = "$(TARGET_NAME)";
				SWIFT_OBJC_BRIDGING_HEADER = "";
				SWIFT_VERSION = 4.2;
				TARGETED_DEVICE_FAMILY = "1,2";
			};
			name = Debug;
		};
		971307D021CCDB750003E67B /* Release */ = {
			isa = XCBuildConfiguration;
			baseConfigurationReference = 4DB2CFBEE0F2501B9A8D662C /* Pods-RxSwiftStudy.release.xcconfig */;
			buildSettings = {
				ASSETCATALOG_COMPILER_APPICON_NAME = AppIcon;
				CODE_SIGN_STYLE = Automatic;
				DEVELOPMENT_TEAM = P72ZUNZG2W;
				INFOPLIST_FILE = RxSwiftStudy/Info.plist;
				LD_RUNPATH_SEARCH_PATHS = (
					"$(inherited)",
					"@executable_path/Frameworks",
				);
				PRODUCT_BUNDLE_IDENTIFIER = S2G.RxSwiftStudy;
				PRODUCT_NAME = "$(TARGET_NAME)";
				SWIFT_OBJC_BRIDGING_HEADER = "";
				SWIFT_VERSION = 4.2;
				TARGETED_DEVICE_FAMILY = "1,2";
			};
			name = Release;
		};
		971307D221CCDB750003E67B /* Debug */ = {
			isa = XCBuildConfiguration;
			buildSettings = {
				ALWAYS_EMBED_SWIFT_STANDARD_LIBRARIES = YES;
				BUNDLE_LOADER = "$(TEST_HOST)";
				CODE_SIGN_STYLE = Automatic;
				DEVELOPMENT_TEAM = P72ZUNZG2W;
				INFOPLIST_FILE = RxSwiftStudyTests/Info.plist;
				LD_RUNPATH_SEARCH_PATHS = (
					"$(inherited)",
					"@executable_path/Frameworks",
					"@loader_path/Frameworks",
				);
				PRODUCT_BUNDLE_IDENTIFIER = S2G.RxSwiftStudyTests;
				PRODUCT_NAME = "$(TARGET_NAME)";
				SWIFT_VERSION = 4.2;
				TARGETED_DEVICE_FAMILY = "1,2";
				TEST_HOST = "$(BUILT_PRODUCTS_DIR)/RxSwiftStudy.app/RxSwiftStudy";
			};
			name = Debug;
		};
		971307D321CCDB750003E67B /* Release */ = {
			isa = XCBuildConfiguration;
			buildSettings = {
				ALWAYS_EMBED_SWIFT_STANDARD_LIBRARIES = YES;
				BUNDLE_LOADER = "$(TEST_HOST)";
				CODE_SIGN_STYLE = Automatic;
				DEVELOPMENT_TEAM = P72ZUNZG2W;
				INFOPLIST_FILE = RxSwiftStudyTests/Info.plist;
				LD_RUNPATH_SEARCH_PATHS = (
					"$(inherited)",
					"@executable_path/Frameworks",
					"@loader_path/Frameworks",
				);
				PRODUCT_BUNDLE_IDENTIFIER = S2G.RxSwiftStudyTests;
				PRODUCT_NAME = "$(TARGET_NAME)";
				SWIFT_VERSION = 4.2;
				TARGETED_DEVICE_FAMILY = "1,2";
				TEST_HOST = "$(BUILT_PRODUCTS_DIR)/RxSwiftStudy.app/RxSwiftStudy";
			};
			name = Release;
		};
		971307D521CCDB750003E67B /* Debug */ = {
			isa = XCBuildConfiguration;
			buildSettings = {
				ALWAYS_EMBED_SWIFT_STANDARD_LIBRARIES = YES;
				CODE_SIGN_STYLE = Automatic;
				DEVELOPMENT_TEAM = P72ZUNZG2W;
				INFOPLIST_FILE = RxSwiftStudyUITests/Info.plist;
				LD_RUNPATH_SEARCH_PATHS = (
					"$(inherited)",
					"@executable_path/Frameworks",
					"@loader_path/Frameworks",
				);
				PRODUCT_BUNDLE_IDENTIFIER = S2G.RxSwiftStudyUITests;
				PRODUCT_NAME = "$(TARGET_NAME)";
				SWIFT_VERSION = 4.2;
				TARGETED_DEVICE_FAMILY = "1,2";
				TEST_TARGET_NAME = RxSwiftStudy;
			};
			name = Debug;
		};
		971307D621CCDB750003E67B /* Release */ = {
			isa = XCBuildConfiguration;
			buildSettings = {
				ALWAYS_EMBED_SWIFT_STANDARD_LIBRARIES = YES;
				CODE_SIGN_STYLE = Automatic;
				DEVELOPMENT_TEAM = P72ZUNZG2W;
				INFOPLIST_FILE = RxSwiftStudyUITests/Info.plist;
				LD_RUNPATH_SEARCH_PATHS = (
					"$(inherited)",
					"@executable_path/Frameworks",
					"@loader_path/Frameworks",
				);
				PRODUCT_BUNDLE_IDENTIFIER = S2G.RxSwiftStudyUITests;
				PRODUCT_NAME = "$(TARGET_NAME)";
				SWIFT_VERSION = 4.2;
				TARGETED_DEVICE_FAMILY = "1,2";
				TEST_TARGET_NAME = RxSwiftStudy;
			};
			name = Release;
		};
/* End XCBuildConfiguration section */

/* Begin XCConfigurationList section */
		971307A121CCDB730003E67B /* Build configuration list for PBXProject "RxSwiftStudy" */ = {
			isa = XCConfigurationList;
			buildConfigurations = (
				971307CC21CCDB750003E67B /* Debug */,
				971307CD21CCDB750003E67B /* Release */,
			);
			defaultConfigurationIsVisible = 0;
			defaultConfigurationName = Release;
		};
		971307CE21CCDB750003E67B /* Build configuration list for PBXNativeTarget "RxSwiftStudy" */ = {
			isa = XCConfigurationList;
			buildConfigurations = (
				971307CF21CCDB750003E67B /* Debug */,
				971307D021CCDB750003E67B /* Release */,
			);
			defaultConfigurationIsVisible = 0;
			defaultConfigurationName = Release;
		};
		971307D121CCDB750003E67B /* Build configuration list for PBXNativeTarget "RxSwiftStudyTests" */ = {
			isa = XCConfigurationList;
			buildConfigurations = (
				971307D221CCDB750003E67B /* Debug */,
				971307D321CCDB750003E67B /* Release */,
			);
			defaultConfigurationIsVisible = 0;
			defaultConfigurationName = Release;
		};
		971307D421CCDB750003E67B /* Build configuration list for PBXNativeTarget "RxSwiftStudyUITests" */ = {
			isa = XCConfigurationList;
			buildConfigurations = (
				971307D521CCDB750003E67B /* Debug */,
				971307D621CCDB750003E67B /* Release */,
			);
			defaultConfigurationIsVisible = 0;
			defaultConfigurationName = Release;
		};
/* End XCConfigurationList section */
	};
	rootObject = 9713079E21CCDB730003E67B /* Project object */;
}
